
Microsoft Visual Studio Solution File, Format Version 12.00
# Visual Studio Version 17
VisualStudioVersion = 17.9.34723.18
MinimumVisualStudioVersion = 10.0.40219.1
Project("{2150E333-8FDC-42A3-9474-1A3956D46DE8}") = "Solution Items", "Solution Items", "{5967A961-36A0-46C7-ADD9-E3F6E30F7620}"
	ProjectSection(SolutionItems) = preProject
		about.html = about.html
		contact.html = contact.html
		gallery.html = gallery.html
		index.html = index.html
		recipes.html = recipes.html
		styles.css = styles.css
	EndProjectSection
EndProject
Project("{E24C65DC-7377-472B-9ABA-BC803B73C61A}") = "IT488_Goup2", ".", "{7BCE882B-B491-4251-A59D-B8409071868E}"
	ProjectSection(WebsiteProperties) = preProject
		TargetFrameworkMoniker = ".NETFramework,Version%3Dv4.8.1"
		Debug.AspNetCompiler.VirtualPath = "/localhost_57467"
		Debug.AspNetCompiler.PhysicalPath = "..\IT488_Goup2\"
		Debug.AspNetCompiler.TargetPath = "PrecompiledWeb\localhost_57467\"
		Debug.AspNetCompiler.Updateable = "true"
		Debug.AspNetCompiler.ForceOverwrite = "true"
		Debug.AspNetCompiler.FixedNames = "false"
		Debug.AspNetCompiler.Debug = "True"
		Release.AspNetCompiler.VirtualPath = "/localhost_57467"
		Release.AspNetCompiler.PhysicalPath = "..\IT488_Goup2\"
		Release.AspNetCompiler.TargetPath = "PrecompiledWeb\localhost_57467\"
		Release.AspNetCompiler.Updateable = "true"
		Release.AspNetCompiler.ForceOverwrite = "true"
		Release.AspNetCompiler.FixedNames = "false"
		Release.AspNetCompiler.Debug = "False"
		VWDPort = "57467"
		SlnRelativePath = "..\IT488_Goup2\"
	EndProjectSection
EndProject
Global
	GlobalSection(SolutionConfigurationPlatforms) = preSolution
		Debug|Any CPU = Debug|Any CPU
	EndGlobalSection
	GlobalSection(ProjectConfigurationPlatforms) = postSolution
		{7BCE882B-B491-4251-A59D-B8409071868E}.Debug|Any CPU.ActiveCfg = Debug|Any CPU
		{7BCE882B-B491-4251-A59D-B8409071868E}.Debug|Any CPU.Build.0 = Debug|Any CPU
	EndGlobalSection
	GlobalSection(SolutionProperties) = preSolution
		HideSolutionNode = FALSE
	EndGlobalSection
	GlobalSection(NestedProjects) = preSolution
		{7BCE882B-B491-4251-A59D-B8409071868E} = {5967A961-36A0-46C7-ADD9-E3F6E30F7620}
	EndGlobalSection
	GlobalSection(ExtensibilityGlobals) = postSolution
		SolutionGuid = {D5F510D1-2A60-42CE-8795-55389D1A8C8D}
	EndGlobalSection
EndGlobal
